
Microsoft Visual Studio Solution File, Format Version 12.00
# Visual Studio Version 16
VisualStudioVersion = 16.0.31911.196
MinimumVisualStudioVersion = 10.0.40219.1
Project("{FAE04EC0-301F-11D3-BF4B-00C04F79EFBC}") = "SchoolManagement", "SchoolManagement\SchoolManagement.csproj", "{DDCE6A53-93F0-469F-AD18-2AA90DBDA9B4}"
EndProject
Global
	GlobalSection(SolutionConfigurationPlatforms) = preSolution
		Debug|Any CPU = Debug|Any CPU
		Release|Any CPU = Release|Any CPU
	EndGlobalSection
	GlobalSection(ProjectConfigurationPlatforms) = postSolution
		{DDCE6A53-93F0-469F-AD18-2AA90DBDA9B4}.Debug|Any CPU.ActiveCfg = Debug|Any CPU
		{DDCE6A53-93F0-469F-AD18-2AA90DBDA9B4}.Debug|Any CPU.Build.0 = Debug|Any CPU
		{DDCE6A53-93F0-469F-AD18-2AA90DBDA9B4}.Release|Any CPU.ActiveCfg = Release|Any CPU
		{DDCE6A53-93F0-469F-AD18-2AA90DBDA9B4}.Release|Any CPU.Build.0 = Release|Any CPU
	EndGlobalSection
	GlobalSection(SolutionProperties) = preSolution
		HideSolutionNode = FALSE
	EndGlobalSection
	GlobalSection(ExtensibilityGlobals) = postSolution
		SolutionGuid = {8F784EBE-5D36-4BD7-8278-005E55BE887C}
	EndGlobalSection
EndGlobal
